	<Project xmlns="http://schemas.microsoft.com/developer/msbuild/2003">
		<PropertyGroup>
			<ProjectGuid>{26A1950E-2B31-4D65-8A8D-9E8C7F3675A8}</ProjectGuid>
			<MainSource>IDM.dpr</MainSource>
			<Base>True</Base>
			<Config Condition="'$(Config)'==''">Debug</Config>
			<Platform>Win32</Platform>
			<AppType>Application</AppType>
			<FrameworkType>VCL</FrameworkType>
			<DCC_DCCCompiler>DCC32</DCC_DCCCompiler>
			<ProjectVersion>12.3</ProjectVersion>
		</PropertyGroup>
		<PropertyGroup Condition="'$(Config)'=='Base' or '$(Base)'!=''">
			<Base>true</Base>
		</PropertyGroup>
		<PropertyGroup Condition="'$(Config)'=='Release' or '$(Cfg_1)'!=''">
			<Cfg_1>true</Cfg_1>
			<CfgParent>Base</CfgParent>
			<Base>true</Base>
		</PropertyGroup>
		<PropertyGroup Condition="'$(Config)'=='Debug' or '$(Cfg_2)'!=''">
			<Cfg_2>true</Cfg_2>
			<CfgParent>Base</CfgParent>
			<Base>true</Base>
		</PropertyGroup>
		<PropertyGroup Condition="'$(Base)'!=''">
			<DCC_WriteableConstants>true</DCC_WriteableConstants>
			<DCC_SymbolReferenceInfo>1</DCC_SymbolReferenceInfo>
			<DCC_UsePackage>Vcl50;Vclx50;VclSmp50;Vcldb50;vclado50;ibevnt50;Vclbde50;vcldbx50;qrpt50;TeeUI50;TeeDB50;Tee50;Dss50;TeeQR50;VCLIB50;Vclmid50;vclie50;Inetdb50;Inet50;NMFast50;webmid50;dclocx50;dclaxserver50;ShlTree;RZ251N50;RZ251D50;Indy50</DCC_UsePackage>
			<DCC_UnitAlias>WinTypes=Windows;WinProcs=Windows;DbiTypes=BDE;DbiProcs=BDE;DbiErrs=BDE;WinTypes=Windows;WinProcs=Windows;$(DCC_UnitAlias)</DCC_UnitAlias>
			<DCC_ImageBase>00400000</DCC_ImageBase>
			<DCC_N>true</DCC_N>
			<DCC_S>false</DCC_S>
			<DCC_K>false</DCC_K>
			<DCC_E>false</DCC_E>
			<DCC_F>false</DCC_F>
		</PropertyGroup>
		<PropertyGroup Condition="'$(Cfg_1)'!=''">
			<DCC_LocalDebugSymbols>false</DCC_LocalDebugSymbols>
			<DCC_Define>RELEASE;$(DCC_Define)</DCC_Define>
			<DCC_SymbolReferenceInfo>0</DCC_SymbolReferenceInfo>
			<DCC_DebugInformation>false</DCC_DebugInformation>
		</PropertyGroup>
		<PropertyGroup Condition="'$(Cfg_2)'!=''">
			<DCC_Define>DEBUG;$(DCC_Define)</DCC_Define>
			<DCC_Optimize>false</DCC_Optimize>
			<DCC_GenerateStackFrames>true</DCC_GenerateStackFrames>
		</PropertyGroup>
		<ItemGroup>
			<DelphiCompile Include="IDM.dpr">
				<MainSource>MainSource</MainSource>
			</DelphiCompile>
			<DCCReference Include="uMain.pas">
				<Form>frmMain</Form>
			</DCCReference>
			<DCCReference Include="uDNS.pas">
				<Form>frmDNS</Form>
			</DCCReference>
			<DCCReference Include="uDomains.pas">
				<Form>frmDominios</Form>
			</DCCReference>
			<DCCReference Include="uNameServer.pas">
				<Form>frmElegirDNS</Form>
			</DCCReference>
			<DCCReference Include="uExpirationDate.pas">
				<Form>frmExpirationDate</Form>
			</DCCReference>
			<DCCReference Include="uRepExpirationDate.pas">
				<Form>frmRepExpirationDate</Form>
			</DCCReference>
			<DCCReference Include="uRepExpired.pas">
				<Form>frmRepExpirados</Form>
			</DCCReference>
			<DCCReference Include="uRegistrador.pas">
				<Form>frmRegistrador</Form>
			</DCCReference>
			<DCCReference Include="uWebHost.pas">
				<Form>frmWebHost</Form>
			</DCCReference>
			<DCCReference Include="uPersonas.pas">
				<Form>frmPersonas</Form>
			</DCCReference>
			<DCCReference Include="uPersons.pas">
				<Form>frmPersons</Form>
			</DCCReference>
			<DCCReference Include="uCreatePerson.pas">
				<Form>frmCreatePerson</Form>
			</DCCReference>
			<DCCReference Include="uCreateNS.pas">
				<Form>frmCreateNS</Form>
			</DCCReference>
			<DCCReference Include="uCreateRegistrar.pas">
				<Form>frmCreateRegistrar</Form>
			</DCCReference>
			<DCCReference Include="uWindowExpirationDate.pas">
				<Form>frmWindowExpirationDate</Form>
			</DCCReference>
			<DCCReference Include="uHosts.pas">
				<Form>frmHosts</Form>
			</DCCReference>
			<DCCReference Include="uRegistrar.pas">
				<Form>frmRegistrar</Form>
			</DCCReference>
			<DCCReference Include="uConfigurar.pas">
				<Form>frmConfigurar</Form>
			</DCCReference>
			<DCCReference Include="uWebBrowser.pas">
				<Form>frmWebBrowser</Form>
			</DCCReference>
			<DCCReference Include="uResultsWhoIs.pas">
				<Form>frmResultWhoIs</Form>
			</DCCReference>
			<DCCReference Include="uReporteExpiracion.pas">
				<Form>frmReporteExpiracion</Form>
			</DCCReference>
			<BuildConfiguration Include="Debug">
				<Key>Cfg_2</Key>
				<CfgParent>Base</CfgParent>
			</BuildConfiguration>
			<BuildConfiguration Include="Base">
				<Key>Base</Key>
			</BuildConfiguration>
			<BuildConfiguration Include="Release">
				<Key>Cfg_1</Key>
				<CfgParent>Base</CfgParent>
			</BuildConfiguration>
		</ItemGroup>
		<Import Condition="Exists('$(BDS)\Bin\CodeGear.Delphi.Targets')" Project="$(BDS)\Bin\CodeGear.Delphi.Targets"/>
		<Import Condition="Exists('$(APPDATA)\Embarcadero\$(BDSAPPDATABASEDIR)\$(PRODUCTVERSION)\UserTools.proj')" Project="$(APPDATA)\Embarcadero\$(BDSAPPDATABASEDIR)\$(PRODUCTVERSION)\UserTools.proj"/>
		<ProjectExtensions>
			<Borland.Personality>Delphi.Personality.12</Borland.Personality>
			<Borland.ProjectType>VCLApplication</Borland.ProjectType>
			<BorlandProject>
				<Delphi.Personality>
					<Source>
						<Source Name="MainSource">IDM.dpr</Source>
					</Source>
					<VersionInfo>
						<VersionInfo Name="IncludeVerInfo">False</VersionInfo>
						<VersionInfo Name="AutoIncBuild">False</VersionInfo>
						<VersionInfo Name="MajorVer">1</VersionInfo>
						<VersionInfo Name="MinorVer">0</VersionInfo>
						<VersionInfo Name="Release">0</VersionInfo>
						<VersionInfo Name="Build">0</VersionInfo>
						<VersionInfo Name="Debug">False</VersionInfo>
						<VersionInfo Name="PreRelease">False</VersionInfo>
						<VersionInfo Name="Special">False</VersionInfo>
						<VersionInfo Name="Private">False</VersionInfo>
						<VersionInfo Name="DLL">False</VersionInfo>
						<VersionInfo Name="Locale">1033</VersionInfo>
						<VersionInfo Name="CodePage">1252</VersionInfo>
					</VersionInfo>
					<VersionInfoKeys>
						<VersionInfoKeys Name="CompanyName"/>
						<VersionInfoKeys Name="FileDescription"/>
						<VersionInfoKeys Name="FileVersion">1.0.0.0</VersionInfoKeys>
						<VersionInfoKeys Name="InternalName"/>
						<VersionInfoKeys Name="LegalCopyright"/>
						<VersionInfoKeys Name="LegalTrademarks"/>
						<VersionInfoKeys Name="OriginalFilename"/>
						<VersionInfoKeys Name="ProductName"/>
						<VersionInfoKeys Name="ProductVersion">1.0.0.0</VersionInfoKeys>
						<VersionInfoKeys Name="Comments"/>
					</VersionInfoKeys>
				</Delphi.Personality>
				<Platforms>
					<Platform value="Win32">True</Platform>
				</Platforms>
			</BorlandProject>
			<ProjectFileVersion>12</ProjectFileVersion>
		</ProjectExtensions>
	</Project>
